{
    "_readme": [
        "This file locks the dependencies of your project to a known state",
        "Read more about it at https://getcomposer.org/doc/01-basic-usage.md#installing-dependencies",
        "This file is @generated automatically"
    ],
    "content-hash": "a6ed6d581745c9444de57ee8e0bfa01d",
    "packages": [
        {
            "name": "psr/log",
            "version": "1.1.4",
            "source": {
                "type": "git",
                "url": "https://github.com/php-fig/log.git",
                "reference": "d49695b909c3b7628b6289db5479a1c204601f11"
            },
            "dist": {
                "type": "zip",
                "url": "https://api.github.com/repos/php-fig/log/zipball/d49695b909c3b7628b6289db5479a1c204601f11",
                "reference": "d49695b909c3b7628b6289db5479a1c204601f11",
                "shasum": ""
            },
            "require": {
                "php": ">=5.3.0"
            },
            "type": "library",
            "extra": {
                "branch-alias": {
                    "dev-master": "1.1.x-dev"
                }
            },
            "autoload": {
                "psr-4": {
                    "Psr\\Log\\": "Psr/Log/"
                }
            },
            "notification-url": "https://packagist.org/downloads/",
            "license": [
                "MIT"
            ],
            "authors": [
                {
                    "name": "PHP-FIG",
                    "homepage": "https://www.php-fig.org/"
                }
            ],
            "description": "Common interface for logging libraries",
            "homepage": "https://github.com/php-fig/log",
            "keywords": [
                "log",
                "psr",
                "psr-3"
            ],
            "support": {
                "source": "https://github.com/php-fig/log/tree/1.1.4"
            },
            "time": "2021-05-03T11:20:27+00:00"
        },
        {
            "name": "shaarli/netscape-bookmark-parser",
            "version": "v4.0.0",
            "source": {
                "type": "git",
                "url": "https://github.com/shaarli/netscape-bookmark-parser.git",
                "reference": "aa024e5731959966660d98fcefe27deada40d88e"
            },
            "dist": {
                "type": "zip",
                "url": "https://api.github.com/repos/shaarli/netscape-bookmark-parser/zipball/aa024e5731959966660d98fcefe27deada40d88e",
                "reference": "aa024e5731959966660d98fcefe27deada40d88e",
                "shasum": ""
            },
            "require": {
                "php": ">=7.1",
                "psr/log": "^1.1"
            },
            "require-dev": {
                "phpunit/phpunit": "^7.0 || ^8.0 || ^9.0",
                "squizlabs/php_codesniffer": "^3.5"
            },
            "type": "library",
            "autoload": {
                "psr-4": {
                    "Shaarli\\NetscapeBookmarkParser\\": "src/"
                }
            },
            "notification-url": "https://packagist.org/downloads/",
            "license": [
                "MIT"
            ],
            "authors": [
                {
                    "name": "Kafene",
                    "email": "io@kafene.org",
                    "homepage": "https://github.com/kafene",
                    "role": "Developer"
                },
                {
                    "name": "VirtualTam",
                    "email": "virtualtam@flibidi.net",
                    "homepage": "https://github.com/virtualtam",
                    "role": "Developer"
                },
                {
                    "name": "Matthias Morin",
                    "email": "mat@tangoman.io",
                    "homepage": "https://github.com/TangoMan75",
                    "role": "Developer"
                }
            ],
            "description": "Generic Netscape bookmark parser",
            "homepage": "https://github.com/shaarli/netscape-bookmark-parser",
            "keywords": [
                "bookmark",
                "decoder",
                "encoder",
                "link",
                "netscape",
                "parse"
            ],
            "support": {
                "issues": "https://github.com/shaarli/netscape-bookmark-parser/issues",
                "source": "https://github.com/shaarli/netscape-bookmark-parser/tree/v4.0.0"
            },
            "time": "2022-08-13T09:57:26+00:00"
        }
    ],
    "packages-dev": [],
    "aliases": [],
    "minimum-stability": "dev",
    "stability-flags": [],
    "prefer-stable": true,
    "prefer-lowest": false,
    "platform": [],
    "platform-dev": [],
    "plugin-api-version": "2.3.0"
}
