{
    "_readme": [
        "This file locks the dependencies of your project to a known state",
        "Read more about it at https://getcomposer.org/doc/01-basic-usage.md#installing-dependencies",
        "This file is @generated automatically"
    ],
    "content-hash": "b7db75648627e64a3d5d51345ee880da",
    "packages": [
        {
            "name": "katzgrau/klogger",
            "version": "1.2.1",
            "source": {
                "type": "git",
                "url": "https://github.com/katzgrau/KLogger.git",
                "reference": "a4ed373fa8a214aa4ae7aa4f221fe2c6ce862ef1"
            },
            "dist": {
                "type": "zip",
                "url": "https://api.github.com/repos/katzgrau/KLogger/zipball/a4ed373fa8a214aa4ae7aa4f221fe2c6ce862ef1",
                "reference": "a4ed373fa8a214aa4ae7aa4f221fe2c6ce862ef1",
                "shasum": ""
            },
            "require": {
                "php": ">=5.3",
                "psr/log": "^1.0.0"
            },
            "require-dev": {
                "phpunit/phpunit": "4.0.*"
            },
            "type": "library",
            "autoload": {
                "psr-4": {
                    "Katzgrau\\KLogger\\": "src/"
                },
                "classmap": [
                    "src/"
                ]
            },
            "notification-url": "https://packagist.org/downloads/",
            "license": [
                "MIT"
            ],
            "authors": [
                {
                    "name": "Kenny Katzgrau",
                    "email": "katzgrau@gmail.com"
                },
                {
                    "name": "Dan Horrigan",
                    "email": "dan@dhorrigan.com"
                }
            ],
            "description": "A Simple Logging Class",
            "keywords": [
                "logging"
            ],
            "support": {
                "issues": "https://github.com/katzgrau/KLogger/issues",
                "source": "https://github.com/katzgrau/KLogger/tree/master"
            },
            "time": "2016-11-07T19:29:14+00:00"
        },
        {
            "name": "psr/log",
            "version": "1.1.4",
            "source": {
                "type": "git",
                "url": "https://github.com/php-fig/log.git",
                "reference": "d49695b909c3b7628b6289db5479a1c204601f11"
            },
            "dist": {
                "type": "zip",
                "url": "https://api.github.com/repos/php-fig/log/zipball/d49695b909c3b7628b6289db5479a1c204601f11",
                "reference": "d49695b909c3b7628b6289db5479a1c204601f11",
                "shasum": ""
            },
            "require": {
                "php": ">=5.3.0"
            },
            "type": "library",
            "extra": {
                "branch-alias": {
                    "dev-master": "1.1.x-dev"
                }
            },
            "autoload": {
                "psr-4": {
                    "Psr\\Log\\": "Psr/Log/"
                }
            },
            "notification-url": "https://packagist.org/downloads/",
            "license": [
                "MIT"
            ],
            "authors": [
                {
                    "name": "PHP-FIG",
                    "homepage": "https://www.php-fig.org/"
                }
            ],
            "description": "Common interface for logging libraries",
            "homepage": "https://github.com/php-fig/log",
            "keywords": [
                "log",
                "psr",
                "psr-3"
            ],
            "support": {
                "source": "https://github.com/php-fig/log/tree/1.1.4"
            },
            "time": "2021-05-03T11:20:27+00:00"
        },
        {
            "name": "shaarli/netscape-bookmark-parser",
            "version": "v3.2.0",
            "source": {
                "type": "git",
                "url": "https://github.com/shaarli/netscape-bookmark-parser.git",
                "reference": "5b2eb8d478f5e6938359e116880763e6b1892e62"
            },
            "dist": {
                "type": "zip",
                "url": "https://api.github.com/repos/shaarli/netscape-bookmark-parser/zipball/5b2eb8d478f5e6938359e116880763e6b1892e62",
                "reference": "5b2eb8d478f5e6938359e116880763e6b1892e62",
                "shasum": ""
            },
            "require": {
                "katzgrau/klogger": "~1.0",
                "php": ">=7.1"
            },
            "require-dev": {
                "phpunit/phpunit": "^7.0 || ^8.0 || ^9.0",
                "squizlabs/php_codesniffer": "^3.5"
            },
            "type": "library",
            "autoload": {
                "files": [
                    "NetscapeBookmarkParser.php"
                ]
            },
            "notification-url": "https://packagist.org/downloads/",
            "license": [
                "MIT"
            ],
            "authors": [
                {
                    "name": "Kafene",
                    "email": "io@kafene.org",
                    "homepage": "https://github.com/kafene",
                    "role": "Developer"
                },
                {
                    "name": "VirtualTam",
                    "email": "virtualtam@flibidi.net",
                    "homepage": "https://github.com/virtualtam",
                    "role": "Developer"
                }
            ],
            "description": "Generic Netscape bookmark parser",
            "homepage": "https://github.com/shaarli/netscape-bookmark-parser",
            "keywords": [
                "bookmark",
                "link",
                "netscape",
                "parse"
            ],
            "support": {
                "issues": "https://github.com/shaarli/netscape-bookmark-parser/issues",
                "source": "https://github.com/shaarli/netscape-bookmark-parser/tree/v3.2.0"
            },
            "time": "2021-01-31T09:39:07+00:00"
        }
    ],
    "packages-dev": [],
    "aliases": [],
    "minimum-stability": "dev",
    "stability-flags": [],
    "prefer-stable": true,
    "prefer-lowest": false,
    "platform": [],
    "platform-dev": [],
    "plugin-api-version": "2.3.0"
}
